
Microsoft Visual Studio Solution File, Format Version 12.00
# Visual Studio Version 17
VisualStudioVersion = 17.1.32328.378
MinimumVisualStudioVersion = 10.0.40219.1
Project("{FAE04EC0-301F-11D3-BF4B-00C04F79EFBC}") = "ITMO.CS.WPF.Pract1", "ITMO.CS.WPF.Pract1\ITMO.CS.WPF.Pract1.csproj", "{D808988E-4D99-40E3-9FA6-21F3668E953D}"
EndProject
Project("{FAE04EC0-301F-11D3-BF4B-00C04F79EFBC}") = "ITMO.CS.WPF.Pract1_2", "ITMO.CS.WPF.Pract1_2\ITMO.CS.WPF.Pract1_2.csproj", "{068FA377-B639-4D82-8811-AA141376577E}"
EndProject
Project("{FAE04EC0-301F-11D3-BF4B-00C04F79EFBC}") = "ITMO.CS.WPF.Pract2", "ITMO.CS.WPF.Pract2\ITMO.CS.WPF.Pract2.csproj", "{9E0919DB-8B4A-4D32-BE16-2348BB151E23}"
EndProject
Project("{FAE04EC0-301F-11D3-BF4B-00C04F79EFBC}") = "ITMO.CS.WPF.Pract2_2", "ITMO.CS.WPF.Pract2_2\ITMO.CS.WPF.Pract2_2.csproj", "{560DCF2E-5871-4A1A-9C1A-9A21D043A0F1}"
EndProject
Project("{FAE04EC0-301F-11D3-BF4B-00C04F79EFBC}") = "ITMO.CS.WPF.Pract4_1", "ITMO.CS.WPF.Pract4\ITMO.CS.WPF.Pract4_1\ITMO.CS.WPF.Pract4_1.csproj", "{E187A1F5-5F1B-4557-9CCE-0F5AB83BC15A}"
EndProject
Project("{FAE04EC0-301F-11D3-BF4B-00C04F79EFBC}") = "ITMO.CS.WPF.Pract4_2", "ITMO.CS.WPF.Pract4\ITMO.CS.WPF.Pract4_2\ITMO.CS.WPF.Pract4_2.csproj", "{E21710B0-CC67-432D-9A91-39360A6BBE6A}"
EndProject
Project("{FAE04EC0-301F-11D3-BF4B-00C04F79EFBC}") = "ITMO.CS.WPF.Pract4_3", "ITMO.CS.WPF.Pract4\ITMO.CS.WPF.Pract4_3\ITMO.CS.WPF.Pract4_3.csproj", "{99B057AD-BF01-47AA-855E-3A9CFC564265}"
EndProject
Project("{FAE04EC0-301F-11D3-BF4B-00C04F79EFBC}") = "ITMO.CS.WPF.Pract9", "ITMO.CS.WPF.Pract9\ITMO.CS.WPF.Pract9.csproj", "{C58FCD70-7F2C-47D2-AEBA-F5EF7FF5F69E}"
EndProject
Global
	GlobalSection(SolutionConfigurationPlatforms) = preSolution
		Debug|Any CPU = Debug|Any CPU
		Release|Any CPU = Release|Any CPU
	EndGlobalSection
	GlobalSection(ProjectConfigurationPlatforms) = postSolution
		{D808988E-4D99-40E3-9FA6-21F3668E953D}.Debug|Any CPU.ActiveCfg = Debug|Any CPU
		{D808988E-4D99-40E3-9FA6-21F3668E953D}.Debug|Any CPU.Build.0 = Debug|Any CPU
		{D808988E-4D99-40E3-9FA6-21F3668E953D}.Release|Any CPU.ActiveCfg = Release|Any CPU
		{D808988E-4D99-40E3-9FA6-21F3668E953D}.Release|Any CPU.Build.0 = Release|Any CPU
		{068FA377-B639-4D82-8811-AA141376577E}.Debug|Any CPU.ActiveCfg = Debug|Any CPU
		{068FA377-B639-4D82-8811-AA141376577E}.Debug|Any CPU.Build.0 = Debug|Any CPU
		{068FA377-B639-4D82-8811-AA141376577E}.Release|Any CPU.ActiveCfg = Release|Any CPU
		{068FA377-B639-4D82-8811-AA141376577E}.Release|Any CPU.Build.0 = Release|Any CPU
		{9E0919DB-8B4A-4D32-BE16-2348BB151E23}.Debug|Any CPU.ActiveCfg = Debug|Any CPU
		{9E0919DB-8B4A-4D32-BE16-2348BB151E23}.Debug|Any CPU.Build.0 = Debug|Any CPU
		{9E0919DB-8B4A-4D32-BE16-2348BB151E23}.Release|Any CPU.ActiveCfg = Release|Any CPU
		{9E0919DB-8B4A-4D32-BE16-2348BB151E23}.Release|Any CPU.Build.0 = Release|Any CPU
		{560DCF2E-5871-4A1A-9C1A-9A21D043A0F1}.Debug|Any CPU.ActiveCfg = Debug|Any CPU
		{560DCF2E-5871-4A1A-9C1A-9A21D043A0F1}.Debug|Any CPU.Build.0 = Debug|Any CPU
		{560DCF2E-5871-4A1A-9C1A-9A21D043A0F1}.Release|Any CPU.ActiveCfg = Release|Any CPU
		{560DCF2E-5871-4A1A-9C1A-9A21D043A0F1}.Release|Any CPU.Build.0 = Release|Any CPU
		{E187A1F5-5F1B-4557-9CCE-0F5AB83BC15A}.Debug|Any CPU.ActiveCfg = Debug|Any CPU
		{E187A1F5-5F1B-4557-9CCE-0F5AB83BC15A}.Debug|Any CPU.Build.0 = Debug|Any CPU
		{E187A1F5-5F1B-4557-9CCE-0F5AB83BC15A}.Release|Any CPU.ActiveCfg = Release|Any CPU
		{E187A1F5-5F1B-4557-9CCE-0F5AB83BC15A}.Release|Any CPU.Build.0 = Release|Any CPU
		{E21710B0-CC67-432D-9A91-39360A6BBE6A}.Debug|Any CPU.ActiveCfg = Debug|Any CPU
		{E21710B0-CC67-432D-9A91-39360A6BBE6A}.Debug|Any CPU.Build.0 = Debug|Any CPU
		{E21710B0-CC67-432D-9A91-39360A6BBE6A}.Release|Any CPU.ActiveCfg = Release|Any CPU
		{E21710B0-CC67-432D-9A91-39360A6BBE6A}.Release|Any CPU.Build.0 = Release|Any CPU
		{99B057AD-BF01-47AA-855E-3A9CFC564265}.Debug|Any CPU.ActiveCfg = Debug|Any CPU
		{99B057AD-BF01-47AA-855E-3A9CFC564265}.Debug|Any CPU.Build.0 = Debug|Any CPU
		{99B057AD-BF01-47AA-855E-3A9CFC564265}.Release|Any CPU.ActiveCfg = Release|Any CPU
		{99B057AD-BF01-47AA-855E-3A9CFC564265}.Release|Any CPU.Build.0 = Release|Any CPU
		{C58FCD70-7F2C-47D2-AEBA-F5EF7FF5F69E}.Debug|Any CPU.ActiveCfg = Debug|Any CPU
		{C58FCD70-7F2C-47D2-AEBA-F5EF7FF5F69E}.Debug|Any CPU.Build.0 = Debug|Any CPU
		{C58FCD70-7F2C-47D2-AEBA-F5EF7FF5F69E}.Release|Any CPU.ActiveCfg = Release|Any CPU
		{C58FCD70-7F2C-47D2-AEBA-F5EF7FF5F69E}.Release|Any CPU.Build.0 = Release|Any CPU
	EndGlobalSection
	GlobalSection(SolutionProperties) = preSolution
		HideSolutionNode = FALSE
	EndGlobalSection
	GlobalSection(ExtensibilityGlobals) = postSolution
		SolutionGuid = {6CBB2A85-AFED-4DC1-874F-DF6ADE650AD7}
	EndGlobalSection
EndGlobal
